// !$*UTF8*$!
{
	archiveVersion = 1;
	classes = {
	};
	objectVersion = 50;
	objects = {

/* Begin PBXBuildFile section */
		0E2CCC04254E9C035E8D391C /* Pods_malibu_etag.framework in Frameworks */ = {isa = PBXBuildFile; fileRef = B4DEA19B8DF8ABADFC42991C /* Pods_malibu_etag.framework */; };
		7971E8EF2119E802003BA50E /* AppDelegate.swift in Sources */ = {isa = PBXBuildFile; fileRef = 7971E8EE2119E802003BA50E /* AppDelegate.swift */; };
		7971E8F12119E802003BA50E /* ViewController.swift in Sources */ = {isa = PBXBuildFile; fileRef = 7971E8F02119E802003BA50E /* ViewController.swift */; };
		7971E8F42119E802003BA50E /* Main.storyboard in Resources */ = {isa = PBXBuildFile; fileRef = 7971E8F22119E802003BA50E /* Main.storyboard */; };
		7971E8F62119E804003BA50E /* Assets.xcassets in Resources */ = {isa = PBXBuildFile; fileRef = 7971E8F52119E804003BA50E /* Assets.xcassets */; };
		7971E8F92119E804003BA50E /* LaunchScreen.storyboard in Resources */ = {isa = PBXBuildFile; fileRef = 7971E8F72119E804003BA50E /* LaunchScreen.storyboard */; };
/* End PBXBuildFile section */

/* Begin PBXFileReference section */
		7971E8EB2119E802003BA50E /* malibu-etag.app */ = {isa = PBXFileReference; explicitFileType = wrapper.application; includeInIndex = 0; path = "malibu-etag.app"; sourceTree = BUILT_PRODUCTS_DIR; };
		7971E8EE2119E802003BA50E /* AppDelegate.swift */ = {isa = PBXFileReference; lastKnownFileType = sourcecode.swift; path = AppDelegate.swift; sourceTree = "<group>"; };
		7971E8F02119E802003BA50E /* ViewController.swift */ = {isa = PBXFileReference; lastKnownFileType = sourcecode.swift; path = ViewController.swift; sourceTree = "<group>"; };
		7971E8F32119E802003BA50E /* Base */ = {isa = PBXFileReference; lastKnownFileType = file.storyboard; name = Base; path = Base.lproj/Main.storyboard; sourceTree = "<group>"; };
		7971E8F52119E804003BA50E /* Assets.xcassets */ = {isa = PBXFileReference; lastKnownFileType = folder.assetcatalog; path = Assets.xcassets; sourceTree = "<group>"; };
		7971E8F82119E804003BA50E /* Base */ = {isa = PBXFileReference; lastKnownFileType = file.storyboard; name = Base; path = Base.lproj/LaunchScreen.storyboard; sourceTree = "<group>"; };
		7971E8FA2119E804003BA50E /* Info.plist */ = {isa = PBXFileReference; lastKnownFileType = text.plist.xml; path = Info.plist; sourceTree = "<group>"; };
		A3D716FCF7EE3377CFB9D525 /* Pods-malibu-etag.release.xcconfig */ = {isa = PBXFileReference; includeInIndex = 1; lastKnownFileType = text.xcconfig; name = "Pods-malibu-etag.release.xcconfig"; path = "Pods/Target Support Files/Pods-malibu-etag/Pods-malibu-etag.release.xcconfig"; sourceTree = "<group>"; };
		B352B35A553516E73B669DCF /* Pods-malibu-etag.debug.xcconfig */ = {isa = PBXFileReference; includeInIndex = 1; lastKnownFileType = text.xcconfig; name = "Pods-malibu-etag.debug.xcconfig"; path = "Pods/Target Support Files/Pods-malibu-etag/Pods-malibu-etag.debug.xcconfig"; sourceTree = "<group>"; };
		B4DEA19B8DF8ABADFC42991C /* Pods_malibu_etag.framework */ = {isa = PBXFileReference; explicitFileType = wrapper.framework; includeInIndex = 0; path = Pods_malibu_etag.framework; sourceTree = BUILT_PRODUCTS_DIR; };
/* End PBXFileReference section */

/* Begin PBXFrameworksBuildPhase section */
		7971E8E82119E802003BA50E /* Frameworks */ = {
			isa = PBXFrameworksBuildPhase;
			buildActionMask = 2147483647;
			files = (
				0E2CCC04254E9C035E8D391C /* Pods_malibu_etag.framework in Frameworks */,
			);
			runOnlyForDeploymentPostprocessing = 0;
		};
/* End PBXFrameworksBuildPhase section */

/* Begin PBXGroup section */
		7971E8E22119E802003BA50E = {
			isa = PBXGroup;
			children = (
				7971E8ED2119E802003BA50E /* malibu-etag */,
				7971E8EC2119E802003BA50E /* Products */,
				EA810C053BA39B5EB3ABBCEC /* Pods */,
				A0B5FCFAE78138A00528C0D0 /* Frameworks */,
			);
			sourceTree = "<group>";
		};
		7971E8EC2119E802003BA50E /* Products */ = {
			isa = PBXGroup;
			children = (
				7971E8EB2119E802003BA50E /* malibu-etag.app */,
			);
			name = Products;
			sourceTree = "<group>";
		};
		7971E8ED2119E802003BA50E /* malibu-etag */ = {
			isa = PBXGroup;
			children = (
				7971E8EE2119E802003BA50E /* AppDelegate.swift */,
				7971E8F02119E802003BA50E /* ViewController.swift */,
				7971E8F22119E802003BA50E /* Main.storyboard */,
				7971E8F52119E804003BA50E /* Assets.xcassets */,
				7971E8F72119E804003BA50E /* LaunchScreen.storyboard */,
				7971E8FA2119E804003BA50E /* Info.plist */,
			);
			path = "malibu-etag";
			sourceTree = "<group>";
		};
		A0B5FCFAE78138A00528C0D0 /* Frameworks */ = {
			isa = PBXGroup;
			children = (
				B4DEA19B8DF8ABADFC42991C /* Pods_malibu_etag.framework */,
			);
			name = Frameworks;
			sourceTree = "<group>";
		};
		EA810C053BA39B5EB3ABBCEC /* Pods */ = {
			isa = PBXGroup;
			children = (
				B352B35A553516E73B669DCF /* Pods-malibu-etag.debug.xcconfig */,
				A3D716FCF7EE3377CFB9D525 /* Pods-malibu-etag.release.xcconfig */,
			);
			name = Pods;
			sourceTree = "<group>";
		};
/* End PBXGroup section */

/* Begin PBXNativeTarget section */
		7971E8EA2119E802003BA50E /* malibu-etag */ = {
			isa = PBXNativeTarget;
			buildConfigurationList = 7971E8FD2119E804003BA50E /* Build configuration list for PBXNativeTarget "malibu-etag" */;
			buildPhases = (
				7BF40C8D3B3BC5473A1F4EA0 /* [CP] Check Pods Manifest.lock */,
				7971E8E72119E802003BA50E /* Sources */,
				7971E8E82119E802003BA50E /* Frameworks */,
				7971E8E92119E802003BA50E /* Resources */,
				A25D0ED382AA67D7D3B7CFC3 /* [CP] Embed Pods Frameworks */,
			);
			buildRules = (
			);
			dependencies = (
			);
			name = "malibu-etag";
			productName = "malibu-etag";
			productReference = 7971E8EB2119E802003BA50E /* malibu-etag.app */;
			productType = "com.apple.product-type.application";
		};
/* End PBXNativeTarget section */

/* Begin PBXProject section */
		7971E8E32119E802003BA50E /* Project object */ = {
			isa = PBXProject;
			attributes = {
				LastSwiftUpdateCheck = 0940;
				LastUpgradeCheck = 0940;
				ORGANIZATIONNAME = Guilherme;
				TargetAttributes = {
					7971E8EA2119E802003BA50E = {
						CreatedOnToolsVersion = 9.4.1;
					};
				};
			};
			buildConfigurationList = 7971E8E62119E802003BA50E /* Build configuration list for PBXProject "malibu-etag" */;
			compatibilityVersion = "Xcode 9.3";
			developmentRegion = en;
			hasScannedForEncodings = 0;
			knownRegions = (
				en,
				Base,
			);
			mainGroup = 7971E8E22119E802003BA50E;
			productRefGroup = 7971E8EC2119E802003BA50E /* Products */;
			projectDirPath = "";
			projectRoot = "";
			targets = (
				7971E8EA2119E802003BA50E /* malibu-etag */,
			);
		};
/* End PBXProject section */

/* Begin PBXResourcesBuildPhase section */
		7971E8E92119E802003BA50E /* Resources */ = {
			isa = PBXResourcesBuildPhase;
			buildActionMask = 2147483647;
			files = (
				7971E8F92119E804003BA50E /* LaunchScreen.storyboard in Resources */,
				7971E8F62119E804003BA50E /* Assets.xcassets in Resources */,
				7971E8F42119E802003BA50E /* Main.storyboard in Resources */,
			);
			runOnlyForDeploymentPostprocessing = 0;
		};
/* End PBXResourcesBuildPhase section */

/* Begin PBXShellScriptBuildPhase section */
		7BF40C8D3B3BC5473A1F4EA0 /* [CP] Check Pods Manifest.lock */ = {
			isa = PBXShellScriptBuildPhase;
			buildActionMask = 2147483647;
			files = (
			);
			inputPaths = (
				"${PODS_PODFILE_DIR_PATH}/Podfile.lock",
				"${PODS_ROOT}/Manifest.lock",
			);
			name = "[CP] Check Pods Manifest.lock";
			outputPaths = (
				"$(DERIVED_FILE_DIR)/Pods-malibu-etag-checkManifestLockResult.txt",
			);
			runOnlyForDeploymentPostprocessing = 0;
			shellPath = /bin/sh;
			shellScript = "diff \"${PODS_PODFILE_DIR_PATH}/Podfile.lock\" \"${PODS_ROOT}/Manifest.lock\" > /dev/null\nif [ $? != 0 ] ; then\n    # print error to STDERR\n    echo \"error: The sandbox is not in sync with the Podfile.lock. Run 'pod install' or update your CocoaPods installation.\" >&2\n    exit 1\nfi\n# This output is used by Xcode 'outputs' to avoid re-running this script phase.\necho \"SUCCESS\" > \"${SCRIPT_OUTPUT_FILE_0}\"\n";
			showEnvVarsInLog = 0;
		};
		A25D0ED382AA67D7D3B7CFC3 /* [CP] Embed Pods Frameworks */ = {
			isa = PBXShellScriptBuildPhase;
			buildActionMask = 2147483647;
			files = (
			);
			inputPaths = (
				"${SRCROOT}/Pods/Target Support Files/Pods-malibu-etag/Pods-malibu-etag-frameworks.sh",
				"${BUILT_PRODUCTS_DIR}/Malibu/Malibu.framework",
				"${BUILT_PRODUCTS_DIR}/When/When.framework",
			);
			name = "[CP] Embed Pods Frameworks";
			outputPaths = (
				"${TARGET_BUILD_DIR}/${FRAMEWORKS_FOLDER_PATH}/Malibu.framework",
				"${TARGET_BUILD_DIR}/${FRAMEWORKS_FOLDER_PATH}/When.framework",
			);
			runOnlyForDeploymentPostprocessing = 0;
			shellPath = /bin/sh;
			shellScript = "\"${SRCROOT}/Pods/Target Support Files/Pods-malibu-etag/Pods-malibu-etag-frameworks.sh\"\n";
			showEnvVarsInLog = 0;
		};
/* End PBXShellScriptBuildPhase section */

/* Begin PBXSourcesBuildPhase section */
		7971E8E72119E802003BA50E /* Sources */ = {
			isa = PBXSourcesBuildPhase;
			buildActionMask = 2147483647;
			files = (
				7971E8F12119E802003BA50E /* ViewController.swift in Sources */,
				7971E8EF2119E802003BA50E /* AppDelegate.swift in Sources */,
			);
			runOnlyForDeploymentPostprocessing = 0;
		};
/* End PBXSourcesBuildPhase section */

/* Begin PBXVariantGroup section */
		7971E8F22119E802003BA50E /* Main.storyboard */ = {
			isa = PBXVariantGroup;
			children = (
				7971E8F32119E802003BA50E /* Base */,
			);
			name = Main.storyboard;
			sourceTree = "<group>";
		};
		7971E8F72119E804003BA50E /* LaunchScreen.storyboard */ = {
			isa = PBXVariantGroup;
			children = (
				7971E8F82119E804003BA50E /* Base */,
			);
			name = LaunchScreen.storyboard;
			sourceTree = "<group>";
		};
/* End PBXVariantGroup section */

/* Begin XCBuildConfiguration section */
		7971E8FB2119E804003BA50E /* Debug */ = {
			isa = XCBuildConfiguration;
			buildSettings = {
				ALWAYS_SEARCH_USER_PATHS = NO;
				CLANG_ANALYZER_NONNULL = YES;
				CLANG_ANALYZER_NUMBER_OBJECT_CONVERSION = YES_AGGRESSIVE;
				CLANG_CXX_LANGUAGE_STANDARD = "gnu++14";
				CLANG_CXX_LIBRARY = "libc++";
				CLANG_ENABLE_MODULES = YES;
				CLANG_ENABLE_OBJC_ARC = YES;
				CLANG_ENABLE_OBJC_WEAK = YES;
				CLANG_WARN_BLOCK_CAPTURE_AUTORELEASING = YES;
				CLANG_WARN_BOOL_CONVERSION = YES;
				CLANG_WARN_COMMA = YES;
				CLANG_WARN_CONSTANT_CONVERSION = YES;
				CLANG_WARN_DEPRECATED_OBJC_IMPLEMENTATIONS = YES;
				CLANG_WARN_DIRECT_OBJC_ISA_USAGE = YES_ERROR;
				CLANG_WARN_DOCUMENTATION_COMMENTS = YES;
				CLANG_WARN_EMPTY_BODY = YES;
				CLANG_WARN_ENUM_CONVERSION = YES;
				CLANG_WARN_INFINITE_RECURSION = YES;
				CLANG_WARN_INT_CONVERSION = YES;
				CLANG_WARN_NON_LITERAL_NULL_CONVERSION = YES;
				CLANG_WARN_OBJC_IMPLICIT_RETAIN_SELF = YES;
				CLANG_WARN_OBJC_LITERAL_CONVERSION = YES;
				CLANG_WARN_OBJC_ROOT_CLASS = YES_ERROR;
				CLANG_WARN_RANGE_LOOP_ANALYSIS = YES;
				CLANG_WARN_STRICT_PROTOTYPES = YES;
				CLANG_WARN_SUSPICIOUS_MOVE = YES;
				CLANG_WARN_UNGUARDED_AVAILABILITY = YES_AGGRESSIVE;
				CLANG_WARN_UNREACHABLE_CODE = YES;
				CLANG_WARN__DUPLICATE_METHOD_MATCH = YES;
				CODE_SIGN_IDENTITY = "iPhone Developer";
				COPY_PHASE_STRIP = NO;
				DEBUG_INFORMATION_FORMAT = dwarf;
				ENABLE_STRICT_OBJC_MSGSEND = YES;
				ENABLE_TESTABILITY = YES;
				GCC_C_LANGUAGE_STANDARD = gnu11;
				GCC_DYNAMIC_NO_PIC = NO;
				GCC_NO_COMMON_BLOCKS = YES;
				GCC_OPTIMIZATION_LEVEL = 0;
				GCC_PREPROCESSOR_DEFINITIONS = (
					"DEBUG=1",
					"$(inherited)",
				);
				GCC_WARN_64_TO_32_BIT_CONVERSION = YES;
				GCC_WARN_ABOUT_RETURN_TYPE = YES_ERROR;
				GCC_WARN_UNDECLARED_SELECTOR = YES;
				GCC_WARN_UNINITIALIZED_AUTOS = YES_AGGRESSIVE;
				GCC_WARN_UNUSED_FUNCTION = YES;
				GCC_WARN_UNUSED_VARIABLE = YES;
				IPHONEOS_DEPLOYMENT_TARGET = 11.4;
				MTL_ENABLE_DEBUG_INFO = YES;
				ONLY_ACTIVE_ARCH = YES;
				SDKROOT = iphoneos;
				SWIFT_ACTIVE_COMPILATION_CONDITIONS = DEBUG;
				SWIFT_OPTIMIZATION_LEVEL = "-Onone";
			};
			name = Debug;
		};
		7971E8FC2119E804003BA50E /* Release */ = {
			isa = XCBuildConfiguration;
			buildSettings = {
				ALWAYS_SEARCH_USER_PATHS = NO;
				CLANG_ANALYZER_NONNULL = YES;
				CLANG_ANALYZER_NUMBER_OBJECT_CONVERSION = YES_AGGRESSIVE;
				CLANG_CXX_LANGUAGE_STANDARD = "gnu++14";
				CLANG_CXX_LIBRARY = "libc++";
				CLANG_ENABLE_MODULES = YES;
				CLANG_ENABLE_OBJC_ARC = YES;
				CLANG_ENABLE_OBJC_WEAK = YES;
				CLANG_WARN_BLOCK_CAPTURE_AUTORELEASING = YES;
				CLANG_WARN_BOOL_CONVERSION = YES;
				CLANG_WARN_COMMA = YES;
				CLANG_WARN_CONSTANT_CONVERSION = YES;
				CLANG_WARN_DEPRECATED_OBJC_IMPLEMENTATIONS = YES;
				CLANG_WARN_DIRECT_OBJC_ISA_USAGE = YES_ERROR;
				CLANG_WARN_DOCUMENTATION_COMMENTS = YES;
				CLANG_WARN_EMPTY_BODY = YES;
				CLANG_WARN_ENUM_CONVERSION = YES;
				CLANG_WARN_INFINITE_RECURSION = YES;
				CLANG_WARN_INT_CONVERSION = YES;
				CLANG_WARN_NON_LITERAL_NULL_CONVERSION = YES;
				CLANG_WARN_OBJC_IMPLICIT_RETAIN_SELF = YES;
				CLANG_WARN_OBJC_LITERAL_CONVERSION = YES;
				CLANG_WARN_OBJC_ROOT_CLASS = YES_ERROR;
				CLANG_WARN_RANGE_LOOP_ANALYSIS = YES;
				CLANG_WARN_STRICT_PROTOTYPES = YES;
				CLANG_WARN_SUSPICIOUS_MOVE = YES;
				CLANG_WARN_UNGUARDED_AVAILABILITY = YES_AGGRESSIVE;
				CLANG_WARN_UNREACHABLE_CODE = YES;
				CLANG_WARN__DUPLICATE_METHOD_MATCH = YES;
				CODE_SIGN_IDENTITY = "iPhone Developer";
				COPY_PHASE_STRIP = NO;
				DEBUG_INFORMATION_FORMAT = "dwarf-with-dsym";
				ENABLE_NS_ASSERTIONS = NO;
				ENABLE_STRICT_OBJC_MSGSEND = YES;
				GCC_C_LANGUAGE_STANDARD = gnu11;
				GCC_NO_COMMON_BLOCKS = YES;
				GCC_WARN_64_TO_32_BIT_CONVERSION = YES;
				GCC_WARN_ABOUT_RETURN_TYPE = YES_ERROR;
				GCC_WARN_UNDECLARED_SELECTOR = YES;
				GCC_WARN_UNINITIALIZED_AUTOS = YES_AGGRESSIVE;
				GCC_WARN_UNUSED_FUNCTION = YES;
				GCC_WARN_UNUSED_VARIABLE = YES;
				IPHONEOS_DEPLOYMENT_TARGET = 11.4;
				MTL_ENABLE_DEBUG_INFO = NO;
				SDKROOT = iphoneos;
				SWIFT_COMPILATION_MODE = wholemodule;
				SWIFT_OPTIMIZATION_LEVEL = "-O";
				VALIDATE_PRODUCT = YES;
			};
			name = Release;
		};
		7971E8FE2119E804003BA50E /* Debug */ = {
			isa = XCBuildConfiguration;
			baseConfigurationReference = B352B35A553516E73B669DCF /* Pods-malibu-etag.debug.xcconfig */;
			buildSettings = {
				ASSETCATALOG_COMPILER_APPICON_NAME = AppIcon;
				CODE_SIGN_STYLE = Automatic;
				INFOPLIST_FILE = "malibu-etag/Info.plist";
				LD_RUNPATH_SEARCH_PATHS = (
					"$(inherited)",
					"@executable_path/Frameworks",
				);
				PRODUCT_BUNDLE_IDENTIFIER = "debug.malibu-etag";
				PRODUCT_NAME = "$(TARGET_NAME)";
				SWIFT_VERSION = 4.0;
				TARGETED_DEVICE_FAMILY = "1,2";
			};
			name = Debug;
		};
		7971E8FF2119E804003BA50E /* Release */ = {
			isa = XCBuildConfiguration;
			baseConfigurationReference = A3D716FCF7EE3377CFB9D525 /* Pods-malibu-etag.release.xcconfig */;
			buildSettings = {
				ASSETCATALOG_COMPILER_APPICON_NAME = AppIcon;
				CODE_SIGN_STYLE = Automatic;
				INFOPLIST_FILE = "malibu-etag/Info.plist";
				LD_RUNPATH_SEARCH_PATHS = (
					"$(inherited)",
					"@executable_path/Frameworks",
				);
				PRODUCT_BUNDLE_IDENTIFIER = "debug.malibu-etag";
				PRODUCT_NAME = "$(TARGET_NAME)";
				SWIFT_VERSION = 4.0;
				TARGETED_DEVICE_FAMILY = "1,2";
			};
			name = Release;
		};
/* End XCBuildConfiguration section */

/* Begin XCConfigurationList section */
		7971E8E62119E802003BA50E /* Build configuration list for PBXProject "malibu-etag" */ = {
			isa = XCConfigurationList;
			buildConfigurations = (
				7971E8FB2119E804003BA50E /* Debug */,
				7971E8FC2119E804003BA50E /* Release */,
			);
			defaultConfigurationIsVisible = 0;
			defaultConfigurationName = Release;
		};
		7971E8FD2119E804003BA50E /* Build configuration list for PBXNativeTarget "malibu-etag" */ = {
			isa = XCConfigurationList;
			buildConfigurations = (
				7971E8FE2119E804003BA50E /* Debug */,
				7971E8FF2119E804003BA50E /* Release */,
			);
			defaultConfigurationIsVisible = 0;
			defaultConfigurationName = Release;
		};
/* End XCConfigurationList section */
	};
	rootObject = 7971E8E32119E802003BA50E /* Project object */;
}
